
Microsoft Visual Studio Solution File, Format Version 12.00
# Visual Studio Version 16
VisualStudioVersion = 25.0.1700.0
MinimumVisualStudioVersion = 10.0.40219.1
Project("{FAE04EC0-301F-11D3-BF4B-00C04F79EFBC}") = "Run.Local.All", "Run.Local.All.csproj", "{E8F8A8B1-034D-41B8-B9EB-1E87793106D3}"
EndProject
Global
	GlobalSection(SolutionConfigurationPlatforms) = preSolution
		Debug|Any CPU = Debug|Any CPU
		Release|Any CPU = Release|Any CPU
	EndGlobalSection
	GlobalSection(ProjectConfigurationPlatforms) = postSolution
		{E8F8A8B1-034D-41B8-B9EB-1E87793106D3}.Debug|Any CPU.ActiveCfg = Debug|Any CPU
		{E8F8A8B1-034D-41B8-B9EB-1E87793106D3}.Debug|Any CPU.Build.0 = Debug|Any CPU
		{E8F8A8B1-034D-41B8-B9EB-1E87793106D3}.Release|Any CPU.ActiveCfg = Release|Any CPU
		{E8F8A8B1-034D-41B8-B9EB-1E87793106D3}.Release|Any CPU.Build.0 = Release|Any CPU
	EndGlobalSection
	GlobalSection(SolutionProperties) = preSolution
		HideSolutionNode = FALSE
	EndGlobalSection
	GlobalSection(ExtensibilityGlobals) = postSolution
		SolutionGuid = {B7007DC0-6634-494C-B561-7D38C2C09A31}
	EndGlobalSection
EndGlobal
